PODS:
  - Flutter (1.0.0)
  - flutter_webrtc (1.2.0):
    - Flutter
    - WebRTC-SDK (= 137.7151.04)
  - integration_test (0.0.1):
    - Flutter
  - rtc_rnnoise (0.1.0):
    - Flutter
  - WebRTC-SDK (137.7151.04)

DEPENDENCIES:
  - Flutter (from `Flutter`)
  - flutter_webrtc (from `.symlinks/plugins/flutter_webrtc/ios`)
  - integration_test (from `.symlinks/plugins/integration_test/ios`)
  - rtc_rnnoise (from `.symlinks/plugins/rtc_rnnoise/ios`)

SPEC REPOS:
  trunk:
    - WebRTC-SDK

EXTERNAL SOURCES:
  Flutter:
    :path: Flutter
  flutter_webrtc:
    :path: ".symlinks/plugins/flutter_webrtc/ios"
  integration_test:
    :path: ".symlinks/plugins/integration_test/ios"
  rtc_rnnoise:
    :path: ".symlinks/plugins/rtc_rnnoise/ios"

SPEC CHECKSUMS:
  Flutter: cabc95a1d2626b1b06e7179b784ebcf0c0cde467
  flutter_webrtc: c3e21fc0dcd9d8eb246ae4d5256fcbeb2f5ecd22
  integration_test: 4a889634ef21a45d28d50d622cf412dc6d9f586e
  rtc_rnnoise: 6b2b0fe94c676a2564cb6e27db60385daea162c9
  WebRTC-SDK: 40d4f5ba05cadff14e4db5614aec402a633f007e

PODFILE CHECKSUM: 3c63482e143d1b91d2d2560aee9fb04ecc74ac7e

COCOAPODS: 1.16.2
