// !$*UTF8*$!
{
	archiveVersion = 1;
	classes = {
	};
	objectVersion = 46;
	objects = {

/* Begin PBXAggregateTarget section */
		AFC5B14891C1401BB176563E /* ALL_BUILD */ = {
			isa = PBXAggregateTarget;
			buildConfigurationList = D05AB88D8D48448FBF2C58C8 /* Build configuration list for PBXAggregateTarget "ALL_BUILD" */;
			buildPhases = (
				13DAC51702BFEF1EB089A2DF /* Generate CMakeFiles/ALL_BUILD */,
			);
			dependencies = (
				91AC721487B04AC88A85EBF2 /* PBXTargetDependency */,
				37E3B3D9355845829E10A22E /* PBXTargetDependency */,
			);
			name = ALL_BUILD;
			productName = ALL_BUILD;
		};
		C945F87730BD4B7ABBC2EE04 /* ZERO_CHECK */ = {
			isa = PBXAggregateTarget;
			buildConfigurationList = 428CC32A5C364F639557185B /* Build configuration list for PBXAggregateTarget "ZERO_CHECK" */;
			buildPhases = (
				1B796BD52D74706D9805F4CF /* Generate CMakeFiles/ZERO_CHECK */,
			);
			dependencies = (
			);
			name = ZERO_CHECK;
			productName = ZERO_CHECK;
		};
/* End PBXAggregateTarget section */

/* Begin PBXBuildFile section */
		02B1D366DC4140F5A152D0EC /* /Users/wangxinran/StudioProjects/rtc-rnnoise/src/cpp/third_party/rnnoise/src/kiss_fft.c */ = {isa = PBXBuildFile; fileRef = 6C3A2C0A11A341DD861B0BEC /* /Users/wangxinran/StudioProjects/rtc-rnnoise/src/cpp/third_party/rnnoise/src/kiss_fft.c */; };
		2ABE2087574D45A2888415C8 /* /Users/wangxinran/StudioProjects/rtc-rnnoise/src/cpp/rnnoise_api.cpp */ = {isa = PBXBuildFile; fileRef = A7081D9F07184DD4B45085C9 /* /Users/wangxinran/StudioProjects/rtc-rnnoise/src/cpp/rnnoise_api.cpp */; };
		36F1966A8A3D4D1B9A090EDB /* /Users/wangxinran/StudioProjects/rtc-rnnoise/src/cpp/third_party/rnnoise/src/nnet.c */ = {isa = PBXBuildFile; fileRef = ADF9A648DA934838B86564B0 /* /Users/wangxinran/StudioProjects/rtc-rnnoise/src/cpp/third_party/rnnoise/src/nnet.c */; };
		3C8978D5B8804789B6524646 /* /Users/wangxinran/StudioProjects/rtc-rnnoise/ios/build_ios/CMakeFiles/rtc_rnnoise.dir/Info.plist */ = {isa = PBXBuildFile; fileRef = 923A8C6E1458408695F56428 /* /Users/wangxinran/StudioProjects/rtc-rnnoise/ios/build_ios/CMakeFiles/rtc_rnnoise.dir/Info.plist */; };
		3D530F47F9B24C21BA3ECE2D /* /Users/wangxinran/StudioProjects/rtc-rnnoise/src/cpp/third_party/rnnoise/src/rnnoise_data.c */ = {isa = PBXBuildFile; fileRef = A3BF3281376544CDB938DEB3 /* /Users/wangxinran/StudioProjects/rtc-rnnoise/src/cpp/third_party/rnnoise/src/rnnoise_data.c */; };
		58E20EABBB494CC9B6C72BE7 /* /Users/wangxinran/StudioProjects/rtc-rnnoise/src/cpp/third_party/rnnoise/src/denoise.c */ = {isa = PBXBuildFile; fileRef = 731C5A485B6F4F24A0052391 /* /Users/wangxinran/StudioProjects/rtc-rnnoise/src/cpp/third_party/rnnoise/src/denoise.c */; };
		5A3D60C4A28D4CE8B5704131 /* /Users/wangxinran/StudioProjects/rtc-rnnoise/src/cpp/third_party/rnnoise/src/nnet_default.c */ = {isa = PBXBuildFile; fileRef = 92CEA5EDB84247938F40352A /* /Users/wangxinran/StudioProjects/rtc-rnnoise/src/cpp/third_party/rnnoise/src/nnet_default.c */; };
		6F0E5E67A8784CD28F15E9A9 /* /Users/wangxinran/StudioProjects/rtc-rnnoise/src/cpp/third_party/rnnoise/src/rnnoise_tables.c */ = {isa = PBXBuildFile; fileRef = E410F6B4DDCA47ECA18437DB /* /Users/wangxinran/StudioProjects/rtc-rnnoise/src/cpp/third_party/rnnoise/src/rnnoise_tables.c */; };
		845E2B09906D4854806A85F7 /* /Users/wangxinran/StudioProjects/rtc-rnnoise/src/cpp/third_party/rnnoise/src/parse_lpcnet_weights.c */ = {isa = PBXBuildFile; fileRef = 3FFEB9B24E154CB2BEC66CD0 /* /Users/wangxinran/StudioProjects/rtc-rnnoise/src/cpp/third_party/rnnoise/src/parse_lpcnet_weights.c */; };
		8A50BB5BFCB24902816F07B0 /* /Users/wangxinran/StudioProjects/rtc-rnnoise/android/src/main/cpp/CMakeLists.txt */ = {isa = PBXBuildFile; fileRef = BCEC4538272A4835A8B399D2 /* /Users/wangxinran/StudioProjects/rtc-rnnoise/android/src/main/cpp/CMakeLists.txt */; };
		B31A0C3A03DD40229060E3B7 /* /Users/wangxinran/StudioProjects/rtc-rnnoise/src/cpp/third_party/rnnoise/src/rnn.c */ = {isa = PBXBuildFile; fileRef = 833B3A34E4AB417698046320 /* /Users/wangxinran/StudioProjects/rtc-rnnoise/src/cpp/third_party/rnnoise/src/rnn.c */; };
		B9AC6D7B1A20457480ECFDA7 /* /Users/wangxinran/StudioProjects/rtc-rnnoise/src/cpp/third_party/speexdsp/libspeexdsp/resample.c */ = {isa = PBXBuildFile; fileRef = CE134F0678254C558C632324 /* /Users/wangxinran/StudioProjects/rtc-rnnoise/src/cpp/third_party/speexdsp/libspeexdsp/resample.c */; };
		D438C69A7227427A862FDCB9 /* /Users/wangxinran/StudioProjects/rtc-rnnoise/src/cpp/third_party/rnnoise/src/celt_lpc.c */ = {isa = PBXBuildFile; fileRef = 19C5474CD86B459EBB6072F0 /* /Users/wangxinran/StudioProjects/rtc-rnnoise/src/cpp/third_party/rnnoise/src/celt_lpc.c */; };
		F22F959943A34B98AF189A6C /* /Users/wangxinran/StudioProjects/rtc-rnnoise/src/cpp/third_party/rnnoise/src/pitch.c */ = {isa = PBXBuildFile; fileRef = 1ACA897998014D198A6B8FAE /* /Users/wangxinran/StudioProjects/rtc-rnnoise/src/cpp/third_party/rnnoise/src/pitch.c */; };
		F34577F61A1B4471A5F170A9 /* /Users/wangxinran/StudioProjects/rtc-rnnoise/src/cpp/rnnoise_engine.cpp */ = {isa = PBXBuildFile; fileRef = B5060265F4194894B4739770 /* /Users/wangxinran/StudioProjects/rtc-rnnoise/src/cpp/rnnoise_engine.cpp */; };
/* End PBXBuildFile section */

/* Begin PBXBuildStyle section */
		00202A068B554AC99280B961 /* RelWithDebInfo */ = {
			isa = PBXBuildStyle;
			buildSettings = {
				COPY_PHASE_STRIP = NO;
			};
			name = RelWithDebInfo;
		};
		34AA52822D7F472D8AE03703 /* Release */ = {
			isa = PBXBuildStyle;
			buildSettings = {
				COPY_PHASE_STRIP = NO;
			};
			name = Release;
		};
		36CCA3E168BF438BAFF95D67 /* MinSizeRel */ = {
			isa = PBXBuildStyle;
			buildSettings = {
				COPY_PHASE_STRIP = NO;
			};
			name = MinSizeRel;
		};
		DBFD7627441046DABE018031 /* Debug */ = {
			isa = PBXBuildStyle;
			buildSettings = {
				COPY_PHASE_STRIP = NO;
			};
			name = Debug;
		};
/* End PBXBuildStyle section */

/* Begin PBXContainerItemProxy section */
		1E09F31BAE5C4A57B1718AC8 /* PBXContainerItemProxy */ = {
			isa = PBXContainerItemProxy;
			containerPortal = 10A4E9270FA542338E8D5EF4 /* Project object */;
			proxyType = 1;
			remoteGlobalIDString = C945F87730BD4B7ABBC2EE04;
			remoteInfo = ZERO_CHECK;
		};
		55FE75183E9B4D0D93E5C79E /* PBXContainerItemProxy */ = {
			isa = PBXContainerItemProxy;
			containerPortal = 10A4E9270FA542338E8D5EF4 /* Project object */;
			proxyType = 1;
			remoteGlobalIDString = 116E43AFE5D7487F9AA03BCC;
			remoteInfo = rtc_rnnoise;
		};
		D65B5EA60916445285442657 /* PBXContainerItemProxy */ = {
			isa = PBXContainerItemProxy;
			containerPortal = 10A4E9270FA542338E8D5EF4 /* Project object */;
			proxyType = 1;
			remoteGlobalIDString = C945F87730BD4B7ABBC2EE04;
			remoteInfo = ZERO_CHECK;
		};
/* End PBXContainerItemProxy section */

/* Begin PBXFileReference section */
		19C5474CD86B459EBB6072F0 /* /Users/wangxinran/StudioProjects/rtc-rnnoise/src/cpp/third_party/rnnoise/src/celt_lpc.c */ = {isa = PBXFileReference; explicitFileType = sourcecode.c.c; fileEncoding = 4; name = celt_lpc.c; path = ../../../../src/cpp/third_party/rnnoise/src/celt_lpc.c; sourceTree = SOURCE_ROOT; };
		1ACA897998014D198A6B8FAE /* /Users/wangxinran/StudioProjects/rtc-rnnoise/src/cpp/third_party/rnnoise/src/pitch.c */ = {isa = PBXFileReference; explicitFileType = sourcecode.c.c; fileEncoding = 4; name = pitch.c; path = ../../../../src/cpp/third_party/rnnoise/src/pitch.c; sourceTree = SOURCE_ROOT; };
		3FFEB9B24E154CB2BEC66CD0 /* /Users/wangxinran/StudioProjects/rtc-rnnoise/src/cpp/third_party/rnnoise/src/parse_lpcnet_weights.c */ = {isa = PBXFileReference; explicitFileType = sourcecode.c.c; fileEncoding = 4; name = parse_lpcnet_weights.c; path = ../../../../src/cpp/third_party/rnnoise/src/parse_lpcnet_weights.c; sourceTree = SOURCE_ROOT; };
		6C3A2C0A11A341DD861B0BEC /* /Users/wangxinran/StudioProjects/rtc-rnnoise/src/cpp/third_party/rnnoise/src/kiss_fft.c */ = {isa = PBXFileReference; explicitFileType = sourcecode.c.c; fileEncoding = 4; name = kiss_fft.c; path = ../../../../src/cpp/third_party/rnnoise/src/kiss_fft.c; sourceTree = SOURCE_ROOT; };
		731C5A485B6F4F24A0052391 /* /Users/wangxinran/StudioProjects/rtc-rnnoise/src/cpp/third_party/rnnoise/src/denoise.c */ = {isa = PBXFileReference; explicitFileType = sourcecode.c.c; fileEncoding = 4; name = denoise.c; path = ../../../../src/cpp/third_party/rnnoise/src/denoise.c; sourceTree = SOURCE_ROOT; };
		833B3A34E4AB417698046320 /* /Users/wangxinran/StudioProjects/rtc-rnnoise/src/cpp/third_party/rnnoise/src/rnn.c */ = {isa = PBXFileReference; explicitFileType = sourcecode.c.c; fileEncoding = 4; name = rnn.c; path = ../../../../src/cpp/third_party/rnnoise/src/rnn.c; sourceTree = SOURCE_ROOT; };
		923A8C6E1458408695F56428 /* /Users/wangxinran/StudioProjects/rtc-rnnoise/ios/build_ios/CMakeFiles/rtc_rnnoise.dir/Info.plist */ = {isa = PBXFileReference; explicitFileType = sourcecode.text.plist; fileEncoding = 4; name = Info.plist; path = ../../../../ios/build_ios/CMakeFiles/rtc_rnnoise.dir/Info.plist; sourceTree = SOURCE_ROOT; };
		92CEA5EDB84247938F40352A /* /Users/wangxinran/StudioProjects/rtc-rnnoise/src/cpp/third_party/rnnoise/src/nnet_default.c */ = {isa = PBXFileReference; explicitFileType = sourcecode.c.c; fileEncoding = 4; name = nnet_default.c; path = ../../../../src/cpp/third_party/rnnoise/src/nnet_default.c; sourceTree = SOURCE_ROOT; };
		A3BF3281376544CDB938DEB3 /* /Users/wangxinran/StudioProjects/rtc-rnnoise/src/cpp/third_party/rnnoise/src/rnnoise_data.c */ = {isa = PBXFileReference; explicitFileType = sourcecode.c.c; fileEncoding = 4; name = rnnoise_data.c; path = ../../../../src/cpp/third_party/rnnoise/src/rnnoise_data.c; sourceTree = SOURCE_ROOT; };
		A7081D9F07184DD4B45085C9 /* /Users/wangxinran/StudioProjects/rtc-rnnoise/src/cpp/rnnoise_api.cpp */ = {isa = PBXFileReference; explicitFileType = sourcecode.cpp.cpp; fileEncoding = 4; name = rnnoise_api.cpp; path = ../../../../src/cpp/rnnoise_api.cpp; sourceTree = SOURCE_ROOT; };
		ADF9A648DA934838B86564B0 /* /Users/wangxinran/StudioProjects/rtc-rnnoise/src/cpp/third_party/rnnoise/src/nnet.c */ = {isa = PBXFileReference; explicitFileType = sourcecode.c.c; fileEncoding = 4; name = nnet.c; path = ../../../../src/cpp/third_party/rnnoise/src/nnet.c; sourceTree = SOURCE_ROOT; };
		B5060265F4194894B4739770 /* /Users/wangxinran/StudioProjects/rtc-rnnoise/src/cpp/rnnoise_engine.cpp */ = {isa = PBXFileReference; explicitFileType = sourcecode.cpp.cpp; fileEncoding = 4; name = rnnoise_engine.cpp; path = ../../../../src/cpp/rnnoise_engine.cpp; sourceTree = SOURCE_ROOT; };
		BCEC4538272A4835A8B399D2 /* /Users/wangxinran/StudioProjects/rtc-rnnoise/android/src/main/cpp/CMakeLists.txt */ = {isa = PBXFileReference; explicitFileType = sourcecode.text; fileEncoding = 4; name = CMakeLists.txt; path = CMakeLists.txt; sourceTree = SOURCE_ROOT; };
		CE134F0678254C558C632324 /* /Users/wangxinran/StudioProjects/rtc-rnnoise/src/cpp/third_party/speexdsp/libspeexdsp/resample.c */ = {isa = PBXFileReference; explicitFileType = sourcecode.c.c; fileEncoding = 4; name = resample.c; path = ../../../../src/cpp/third_party/speexdsp/libspeexdsp/resample.c; sourceTree = SOURCE_ROOT; };
		DD8523494941491C986D0AF4 /* /Users/wangxinran/StudioProjects/rtc-rnnoise/android/src/main/cpp/CMakeLists.txt */ = {isa = PBXFileReference; explicitFileType = sourcecode.text; fileEncoding = 4; name = CMakeLists.txt; path = CMakeLists.txt; sourceTree = SOURCE_ROOT; };
		E410F6B4DDCA47ECA18437DB /* /Users/wangxinran/StudioProjects/rtc-rnnoise/src/cpp/third_party/rnnoise/src/rnnoise_tables.c */ = {isa = PBXFileReference; explicitFileType = sourcecode.c.c; fileEncoding = 4; name = rnnoise_tables.c; path = ../../../../src/cpp/third_party/rnnoise/src/rnnoise_tables.c; sourceTree = SOURCE_ROOT; };
		FDC8250C1D94463F8C9A7AAB /* rtc_rnnoise */ = {isa = PBXFileReference; explicitFileType = archive.ar; path = librtc_rnnoise.a; sourceTree = BUILT_PRODUCTS_DIR; };
/* End PBXFileReference section */

/* Begin PBXFrameworksBuildPhase section */
		A7C5BA6F875E43D6B873DA23 /* Frameworks */ = {
			isa = PBXFrameworksBuildPhase;
			buildActionMask = 2147483647;
			files = (
			);
			runOnlyForDeploymentPostprocessing = 0;
		};
/* End PBXFrameworksBuildPhase section */

/* Begin PBXGroup section */
		2532D42AEBF549C4A28E798D = {
			isa = PBXGroup;
			children = (
				D599328FE0904BA4A83BC1B4 /* rtc_rnnoise */,
				55D57B4A6D90472190FDBF57 /* ALL_BUILD */,
				435C32A148304A50A6D4994A /* Products */,
				EE769824A0054D47B9C8CF51 /* Frameworks */,
			);
			sourceTree = "<group>";
		};
		435C32A148304A50A6D4994A /* Products */ = {
			isa = PBXGroup;
			children = (
				FDC8250C1D94463F8C9A7AAB /* rtc_rnnoise */,
			);
			name = Products;
			sourceTree = "<group>";
		};
		4FB70F44EFB64A18B182F481 /* Source Files */ = {
			isa = PBXGroup;
			children = (
				A7081D9F07184DD4B45085C9 /* /Users/wangxinran/StudioProjects/rtc-rnnoise/src/cpp/rnnoise_api.cpp */,
				B5060265F4194894B4739770 /* /Users/wangxinran/StudioProjects/rtc-rnnoise/src/cpp/rnnoise_engine.cpp */,
				19C5474CD86B459EBB6072F0 /* /Users/wangxinran/StudioProjects/rtc-rnnoise/src/cpp/third_party/rnnoise/src/celt_lpc.c */,
				731C5A485B6F4F24A0052391 /* /Users/wangxinran/StudioProjects/rtc-rnnoise/src/cpp/third_party/rnnoise/src/denoise.c */,
				6C3A2C0A11A341DD861B0BEC /* /Users/wangxinran/StudioProjects/rtc-rnnoise/src/cpp/third_party/rnnoise/src/kiss_fft.c */,
				ADF9A648DA934838B86564B0 /* /Users/wangxinran/StudioProjects/rtc-rnnoise/src/cpp/third_party/rnnoise/src/nnet.c */,
				92CEA5EDB84247938F40352A /* /Users/wangxinran/StudioProjects/rtc-rnnoise/src/cpp/third_party/rnnoise/src/nnet_default.c */,
				3FFEB9B24E154CB2BEC66CD0 /* /Users/wangxinran/StudioProjects/rtc-rnnoise/src/cpp/third_party/rnnoise/src/parse_lpcnet_weights.c */,
				1ACA897998014D198A6B8FAE /* /Users/wangxinran/StudioProjects/rtc-rnnoise/src/cpp/third_party/rnnoise/src/pitch.c */,
				833B3A34E4AB417698046320 /* /Users/wangxinran/StudioProjects/rtc-rnnoise/src/cpp/third_party/rnnoise/src/rnn.c */,
				A3BF3281376544CDB938DEB3 /* /Users/wangxinran/StudioProjects/rtc-rnnoise/src/cpp/third_party/rnnoise/src/rnnoise_data.c */,
				E410F6B4DDCA47ECA18437DB /* /Users/wangxinran/StudioProjects/rtc-rnnoise/src/cpp/third_party/rnnoise/src/rnnoise_tables.c */,
				CE134F0678254C558C632324 /* /Users/wangxinran/StudioProjects/rtc-rnnoise/src/cpp/third_party/speexdsp/libspeexdsp/resample.c */,
			);
			name = "Source Files";
			sourceTree = "<group>";
		};
		55D57B4A6D90472190FDBF57 /* ALL_BUILD */ = {
			isa = PBXGroup;
			children = (
				E565A0BD66C44511928E169C /* CMake Rules */,
				DD8523494941491C986D0AF4 /* /Users/wangxinran/StudioProjects/rtc-rnnoise/android/src/main/cpp/CMakeLists.txt */,
			);
			name = ALL_BUILD;
			sourceTree = "<group>";
		};
		90067B35C2394E8A8EBE8B9B /* Resources */ = {
			isa = PBXGroup;
			children = (
				923A8C6E1458408695F56428 /* /Users/wangxinran/StudioProjects/rtc-rnnoise/ios/build_ios/CMakeFiles/rtc_rnnoise.dir/Info.plist */,
			);
			name = Resources;
			sourceTree = "<group>";
		};
		D599328FE0904BA4A83BC1B4 /* rtc_rnnoise */ = {
			isa = PBXGroup;
			children = (
				4FB70F44EFB64A18B182F481 /* Source Files */,
				90067B35C2394E8A8EBE8B9B /* Resources */,
				BCEC4538272A4835A8B399D2 /* /Users/wangxinran/StudioProjects/rtc-rnnoise/android/src/main/cpp/CMakeLists.txt */,
			);
			name = rtc_rnnoise;
			sourceTree = "<group>";
		};
		E565A0BD66C44511928E169C /* CMake Rules */ = {
			isa = PBXGroup;
			children = (
			);
			name = "CMake Rules";
			sourceTree = "<group>";
		};
		EE769824A0054D47B9C8CF51 /* Frameworks */ = {
			isa = PBXGroup;
			children = (
			);
			name = Frameworks;
			sourceTree = "<group>";
		};
/* End PBXGroup section */

/* Begin PBXNativeTarget section */
		116E43AFE5D7487F9AA03BCC /* rtc_rnnoise */ = {
			isa = PBXNativeTarget;
			buildConfigurationList = 81AE41774A9B401DA2E30078 /* Build configuration list for PBXNativeTarget "rtc_rnnoise" */;
			buildPhases = (
				B47BE71A16D043DEA9DCB8D6 /* Sources */,
				A7C5BA6F875E43D6B873DA23 /* Frameworks */,
			);
			buildRules = (
			);
			dependencies = (
				6070361A86734BF1A8D18C3D /* PBXTargetDependency */,
			);
			name = rtc_rnnoise;
			productName = rtc_rnnoise;
			productReference = FDC8250C1D94463F8C9A7AAB /* rtc_rnnoise */;
			productType = "com.apple.product-type.library.static";
		};
/* End PBXNativeTarget section */

/* Begin PBXProject section */
		10A4E9270FA542338E8D5EF4 /* Project object */ = {
			isa = PBXProject;
			attributes = {
				BuildIndependentTargetsInParallel = YES;
				LastUpgradeCheck = 1540;
			};
			buildConfigurationList = F6946EC6F22E49C3B14B47AA /* Build configuration list for PBXProject "rtc_rnnoise" */;
			buildSettings = {
			};
			buildStyles = (
				DBFD7627441046DABE018031 /* Debug */,
				34AA52822D7F472D8AE03703 /* Release */,
				36CCA3E168BF438BAFF95D67 /* MinSizeRel */,
				00202A068B554AC99280B961 /* RelWithDebInfo */,
			);
			compatibilityVersion = "Xcode 3.2";
			hasScannedForEncodings = 0;
			mainGroup = 2532D42AEBF549C4A28E798D;
			projectDirPath = "/Users/wangxinran/StudioProjects/rtc-rnnoise/android/src/main/cpp";
			projectRoot = "";
			targets = (
				AFC5B14891C1401BB176563E /* ALL_BUILD */,
				C945F87730BD4B7ABBC2EE04 /* ZERO_CHECK */,
				116E43AFE5D7487F9AA03BCC /* rtc_rnnoise */,
			);
		};
/* End PBXProject section */

/* Begin PBXShellScriptBuildPhase section */
		13DAC51702BFEF1EB089A2DF /* Generate CMakeFiles/ALL_BUILD */ = {
			isa = PBXShellScriptBuildPhase;
			alwaysOutOfDate = 1;
			buildActionMask = 2147483647;
			files = (
			);
			inputPaths = (
			);
			name = "Generate CMakeFiles/ALL_BUILD";
			outputPaths = (
"/Users/wangxinran/StudioProjects/rtc-rnnoise/ios/build_ios/CMakeFiles/ALL_BUILD"			);
			runOnlyForDeploymentPostprocessing = 0;
			shellPath = /bin/sh;
			shellScript = "set -e
if test \"$CONFIGURATION\" = \"Debug\"; then :
  cd /Users/wangxinran/StudioProjects/rtc-rnnoise/ios/build_ios
  echo Build\\ all\\ projects
fi
if test \"$CONFIGURATION\" = \"Release\"; then :
  cd /Users/wangxinran/StudioProjects/rtc-rnnoise/ios/build_ios
  echo Build\\ all\\ projects
fi
if test \"$CONFIGURATION\" = \"MinSizeRel\"; then :
  cd /Users/wangxinran/StudioProjects/rtc-rnnoise/ios/build_ios
  echo Build\\ all\\ projects
fi
if test \"$CONFIGURATION\" = \"RelWithDebInfo\"; then :
  cd /Users/wangxinran/StudioProjects/rtc-rnnoise/ios/build_ios
  echo Build\\ all\\ projects
fi
";
			showEnvVarsInLog = 0;
		};
		1B796BD52D74706D9805F4CF /* Generate CMakeFiles/ZERO_CHECK */ = {
			isa = PBXShellScriptBuildPhase;
			alwaysOutOfDate = 1;
			buildActionMask = 2147483647;
			files = (
			);
			inputPaths = (
			);
			name = "Generate CMakeFiles/ZERO_CHECK";
			outputPaths = (
"/Users/wangxinran/StudioProjects/rtc-rnnoise/ios/build_ios/CMakeFiles/ZERO_CHECK"			);
			runOnlyForDeploymentPostprocessing = 0;
			shellPath = /bin/sh;
			shellScript = "set -e
if test \"$CONFIGURATION\" = \"Debug\"; then :
  cd /Users/wangxinran/StudioProjects/rtc-rnnoise/ios/build_ios
  make -f /Users/wangxinran/StudioProjects/rtc-rnnoise/ios/build_ios/CMakeScripts/ReRunCMake.make
fi
if test \"$CONFIGURATION\" = \"Release\"; then :
  cd /Users/wangxinran/StudioProjects/rtc-rnnoise/ios/build_ios
  make -f /Users/wangxinran/StudioProjects/rtc-rnnoise/ios/build_ios/CMakeScripts/ReRunCMake.make
fi
if test \"$CONFIGURATION\" = \"MinSizeRel\"; then :
  cd /Users/wangxinran/StudioProjects/rtc-rnnoise/ios/build_ios
  make -f /Users/wangxinran/StudioProjects/rtc-rnnoise/ios/build_ios/CMakeScripts/ReRunCMake.make
fi
if test \"$CONFIGURATION\" = \"RelWithDebInfo\"; then :
  cd /Users/wangxinran/StudioProjects/rtc-rnnoise/ios/build_ios
  make -f /Users/wangxinran/StudioProjects/rtc-rnnoise/ios/build_ios/CMakeScripts/ReRunCMake.make
fi
";
			showEnvVarsInLog = 0;
		};
		3C0110FC8322DE7E50886E21 = {
			isa = PBXShellScriptBuildPhase;
			buildActionMask = 2147483647;
			files = (
			);
			inputPaths = (
			);
			outputPaths = (
			);
			runOnlyForDeploymentPostprocessing = 0;
			shellPath = /bin/sh;
			shellScript = "# shell script goes here
exit 0";
			showEnvVarsInLog = 0;
		};
		9B50530E35CC49C82C2FACCF = {
			isa = PBXShellScriptBuildPhase;
			buildActionMask = 2147483647;
			files = (
			);
			inputPaths = (
			);
			outputPaths = (
			);
			runOnlyForDeploymentPostprocessing = 0;
			shellPath = /bin/sh;
			shellScript = "# shell script goes here
exit 0";
			showEnvVarsInLog = 0;
		};
/* End PBXShellScriptBuildPhase section */

/* Begin PBXSourcesBuildPhase section */
		B47BE71A16D043DEA9DCB8D6 /* Sources */ = {
			isa = PBXSourcesBuildPhase;
			buildActionMask = 2147483647;
			files = (
				2ABE2087574D45A2888415C8 /* /Users/wangxinran/StudioProjects/rtc-rnnoise/src/cpp/rnnoise_api.cpp */,
				F34577F61A1B4471A5F170A9 /* /Users/wangxinran/StudioProjects/rtc-rnnoise/src/cpp/rnnoise_engine.cpp */,
				D438C69A7227427A862FDCB9 /* /Users/wangxinran/StudioProjects/rtc-rnnoise/src/cpp/third_party/rnnoise/src/celt_lpc.c */,
				58E20EABBB494CC9B6C72BE7 /* /Users/wangxinran/StudioProjects/rtc-rnnoise/src/cpp/third_party/rnnoise/src/denoise.c */,
				02B1D366DC4140F5A152D0EC /* /Users/wangxinran/StudioProjects/rtc-rnnoise/src/cpp/third_party/rnnoise/src/kiss_fft.c */,
				36F1966A8A3D4D1B9A090EDB /* /Users/wangxinran/StudioProjects/rtc-rnnoise/src/cpp/third_party/rnnoise/src/nnet.c */,
				5A3D60C4A28D4CE8B5704131 /* /Users/wangxinran/StudioProjects/rtc-rnnoise/src/cpp/third_party/rnnoise/src/nnet_default.c */,
				845E2B09906D4854806A85F7 /* /Users/wangxinran/StudioProjects/rtc-rnnoise/src/cpp/third_party/rnnoise/src/parse_lpcnet_weights.c */,
				F22F959943A34B98AF189A6C /* /Users/wangxinran/StudioProjects/rtc-rnnoise/src/cpp/third_party/rnnoise/src/pitch.c */,
				B31A0C3A03DD40229060E3B7 /* /Users/wangxinran/StudioProjects/rtc-rnnoise/src/cpp/third_party/rnnoise/src/rnn.c */,
				3D530F47F9B24C21BA3ECE2D /* /Users/wangxinran/StudioProjects/rtc-rnnoise/src/cpp/third_party/rnnoise/src/rnnoise_data.c */,
				6F0E5E67A8784CD28F15E9A9 /* /Users/wangxinran/StudioProjects/rtc-rnnoise/src/cpp/third_party/rnnoise/src/rnnoise_tables.c */,
				B9AC6D7B1A20457480ECFDA7 /* /Users/wangxinran/StudioProjects/rtc-rnnoise/src/cpp/third_party/speexdsp/libspeexdsp/resample.c */,
			);
			runOnlyForDeploymentPostprocessing = 0;
		};
/* End PBXSourcesBuildPhase section */

/* Begin PBXTargetDependency section */
		37E3B3D9355845829E10A22E /* PBXTargetDependency */ = {
			isa = PBXTargetDependency;
			target = C945F87730BD4B7ABBC2EE04 /* ZERO_CHECK */;
			targetProxy = D65B5EA60916445285442657 /* PBXContainerItemProxy */;
		};
		6070361A86734BF1A8D18C3D /* PBXTargetDependency */ = {
			isa = PBXTargetDependency;
			target = C945F87730BD4B7ABBC2EE04 /* ZERO_CHECK */;
			targetProxy = 1E09F31BAE5C4A57B1718AC8 /* PBXContainerItemProxy */;
		};
		91AC721487B04AC88A85EBF2 /* PBXTargetDependency */ = {
			isa = PBXTargetDependency;
			target = 116E43AFE5D7487F9AA03BCC /* rtc_rnnoise */;
			targetProxy = 55FE75183E9B4D0D93E5C79E /* PBXContainerItemProxy */;
		};
/* End PBXTargetDependency section */

/* Begin XCBuildConfiguration section */
		0A84A51F947C410B82DAA8CB /* Release */ = {
			isa = XCBuildConfiguration;
			buildSettings = {
				ARCHS = arm64;
				COMBINE_HIDPI_IMAGES = YES;
				EXECUTABLE_PREFIX = lib;
				EXECUTABLE_SUFFIX = .a;
				GCC_GENERATE_DEBUGGING_SYMBOLS = NO;
				GCC_INLINES_ARE_PRIVATE_EXTERN = NO;
				GCC_OPTIMIZATION_LEVEL = 3;
				GCC_PREPROCESSOR_DEFINITIONS = ("'CMAKE_INTDIR=\"$(CONFIGURATION)$(EFFECTIVE_PLATFORM_NAME)\"'",HAVE_CONFIG_H,"'EXPORT='",FLOATING_POINT,"'RANDOM_PREFIX=rtc_rnnoise_'",RNNOISE_BUILD,"$(inherited)");
				GCC_SYMBOLS_PRIVATE_EXTERN = NO;
				HEADER_SEARCH_PATHS = ("/Users/wangxinran/StudioProjects/rtc-rnnoise/android/src/main/cpp/../../../../src/cpp","/Users/wangxinran/StudioProjects/rtc-rnnoise/android/src/main/cpp/../../../../src/cpp/third_party/rnnoise/include","/Users/wangxinran/StudioProjects/rtc-rnnoise/android/src/main/cpp/../../../../src/cpp/third_party/rnnoise/src","/Users/wangxinran/StudioProjects/rtc-rnnoise/android/src/main/cpp/../../../../src/cpp/third_party/speexdsp/include","/Users/wangxinran/StudioProjects/rtc-rnnoise/android/src/main/cpp/../../../../src/cpp/third_party/speexdsp/include/speex","/Users/wangxinran/StudioProjects/rtc-rnnoise/android/src/main/cpp/../../../../src/cpp/third_party/speexdsp/libspeexdsp","/Users/wangxinran/StudioProjects/rtc-rnnoise/android/src/main/cpp/../../../../src/cpp/third_party/speexdsp","$(inherited)");
				INSTALL_PATH = "";
				LIBRARY_STYLE = STATIC;
				ONLY_ACTIVE_ARCH = NO;
				OTHER_CFLAGS = ("    -DNDEBUG ","$(inherited)");
				OTHER_CPLUSPLUSFLAGS = "    -DNDEBUG '-std=gnu++14' ";
				OTHER_LIBTOOLFLAGS = ("");
				OTHER_REZFLAGS = "";
				PRODUCT_NAME = rtc_rnnoise;
				SECTORDER_FLAGS = "";
				SYMROOT = "/Users/wangxinran/StudioProjects/rtc-rnnoise/ios/build_ios";
				USE_HEADERMAP = NO;
				WARNING_CFLAGS = ("$(inherited)");
			};
			name = Release;
		};
		0DCFAAEE964D4F2BA2857248 /* MinSizeRel */ = {
			isa = XCBuildConfiguration;
			buildSettings = {
				ARCHS = arm64;
				COMBINE_HIDPI_IMAGES = YES;
				EXECUTABLE_PREFIX = lib;
				EXECUTABLE_SUFFIX = .a;
				GCC_GENERATE_DEBUGGING_SYMBOLS = NO;
				GCC_INLINES_ARE_PRIVATE_EXTERN = NO;
				GCC_OPTIMIZATION_LEVEL = s;
				GCC_PREPROCESSOR_DEFINITIONS = ("'CMAKE_INTDIR=\"$(CONFIGURATION)$(EFFECTIVE_PLATFORM_NAME)\"'",HAVE_CONFIG_H,"'EXPORT='",FLOATING_POINT,"'RANDOM_PREFIX=rtc_rnnoise_'",RNNOISE_BUILD,"$(inherited)");
				GCC_SYMBOLS_PRIVATE_EXTERN = NO;
				HEADER_SEARCH_PATHS = ("/Users/wangxinran/StudioProjects/rtc-rnnoise/android/src/main/cpp/../../../../src/cpp","/Users/wangxinran/StudioProjects/rtc-rnnoise/android/src/main/cpp/../../../../src/cpp/third_party/rnnoise/include","/Users/wangxinran/StudioProjects/rtc-rnnoise/android/src/main/cpp/../../../../src/cpp/third_party/rnnoise/src","/Users/wangxinran/StudioProjects/rtc-rnnoise/android/src/main/cpp/../../../../src/cpp/third_party/speexdsp/include","/Users/wangxinran/StudioProjects/rtc-rnnoise/android/src/main/cpp/../../../../src/cpp/third_party/speexdsp/include/speex","/Users/wangxinran/StudioProjects/rtc-rnnoise/android/src/main/cpp/../../../../src/cpp/third_party/speexdsp/libspeexdsp","/Users/wangxinran/StudioProjects/rtc-rnnoise/android/src/main/cpp/../../../../src/cpp/third_party/speexdsp","$(inherited)");
				INSTALL_PATH = "";
				LIBRARY_STYLE = STATIC;
				ONLY_ACTIVE_ARCH = NO;
				OTHER_CFLAGS = ("    -DNDEBUG ","$(inherited)");
				OTHER_CPLUSPLUSFLAGS = "    -DNDEBUG '-std=gnu++14' ";
				OTHER_LIBTOOLFLAGS = ("");
				OTHER_REZFLAGS = "";
				PRODUCT_NAME = rtc_rnnoise;
				SECTORDER_FLAGS = "";
				SYMROOT = "/Users/wangxinran/StudioProjects/rtc-rnnoise/ios/build_ios";
				USE_HEADERMAP = NO;
				WARNING_CFLAGS = ("$(inherited)");
			};
			name = MinSizeRel;
		};
		22C0D5F9EE8C4788BFB48B6F /* Debug */ = {
			isa = XCBuildConfiguration;
			buildSettings = {
				COMBINE_HIDPI_IMAGES = YES;
				GCC_GENERATE_DEBUGGING_SYMBOLS = YES;
				GCC_INLINES_ARE_PRIVATE_EXTERN = NO;
				GCC_OPTIMIZATION_LEVEL = 0;
				GCC_PREPROCESSOR_DEFINITIONS = ("'CMAKE_INTDIR=\"$(CONFIGURATION)$(EFFECTIVE_PLATFORM_NAME)\"'","$(inherited)");
				GCC_SYMBOLS_PRIVATE_EXTERN = NO;
				INSTALL_PATH = "";
				OTHER_LDFLAGS = ("","$(inherited)");
				OTHER_REZFLAGS = "";
				PRODUCT_NAME = ZERO_CHECK;
				SECTORDER_FLAGS = "";
				SYMROOT = "/Users/wangxinran/StudioProjects/rtc-rnnoise/ios/build_ios";
				USE_HEADERMAP = NO;
				WARNING_CFLAGS = ("$(inherited)");
			};
			name = Debug;
		};
		39000D1E662649AD9BAEBBD5 /* RelWithDebInfo */ = {
			isa = XCBuildConfiguration;
			buildSettings = {
				COMBINE_HIDPI_IMAGES = YES;
				GCC_GENERATE_DEBUGGING_SYMBOLS = YES;
				GCC_INLINES_ARE_PRIVATE_EXTERN = NO;
				GCC_OPTIMIZATION_LEVEL = 0;
				GCC_PREPROCESSOR_DEFINITIONS = ("'CMAKE_INTDIR=\"$(CONFIGURATION)$(EFFECTIVE_PLATFORM_NAME)\"'","$(inherited)");
				GCC_SYMBOLS_PRIVATE_EXTERN = NO;
				INSTALL_PATH = "";
				OTHER_LDFLAGS = ("","$(inherited)");
				OTHER_REZFLAGS = "";
				PRODUCT_NAME = ZERO_CHECK;
				SECTORDER_FLAGS = "";
				SYMROOT = "/Users/wangxinran/StudioProjects/rtc-rnnoise/ios/build_ios";
				USE_HEADERMAP = NO;
				WARNING_CFLAGS = ("$(inherited)");
			};
			name = RelWithDebInfo;
		};
		398D4638740F4ACAB3F4FA13 /* MinSizeRel */ = {
			isa = XCBuildConfiguration;
			buildSettings = {
				ARCHS = arm64;
				SDKROOT = iphoneos;
				SYMROOT = "/Users/wangxinran/StudioProjects/rtc-rnnoise/ios/build_ios/build";
			};
			name = MinSizeRel;
		};
		3C7A283E78CA45AC99D93DF8 /* RelWithDebInfo */ = {
			isa = XCBuildConfiguration;
			buildSettings = {
				ARCHS = arm64;
				SDKROOT = iphoneos;
				SYMROOT = "/Users/wangxinran/StudioProjects/rtc-rnnoise/ios/build_ios/build";
			};
			name = RelWithDebInfo;
		};
		650AEED76AA14ECEA48DC6D3 /* Debug */ = {
			isa = XCBuildConfiguration;
			buildSettings = {
				COMBINE_HIDPI_IMAGES = YES;
				GCC_GENERATE_DEBUGGING_SYMBOLS = YES;
				GCC_INLINES_ARE_PRIVATE_EXTERN = NO;
				GCC_OPTIMIZATION_LEVEL = 0;
				GCC_PREPROCESSOR_DEFINITIONS = ("'CMAKE_INTDIR=\"$(CONFIGURATION)$(EFFECTIVE_PLATFORM_NAME)\"'","$(inherited)");
				GCC_SYMBOLS_PRIVATE_EXTERN = NO;
				INSTALL_PATH = "";
				OTHER_LDFLAGS = ("","$(inherited)");
				OTHER_REZFLAGS = "";
				PRODUCT_NAME = ALL_BUILD;
				SECTORDER_FLAGS = "";
				SYMROOT = "/Users/wangxinran/StudioProjects/rtc-rnnoise/ios/build_ios";
				USE_HEADERMAP = NO;
				WARNING_CFLAGS = ("$(inherited)");
			};
			name = Debug;
		};
		6DE4B976F66F42409FB0E6C9 /* MinSizeRel */ = {
			isa = XCBuildConfiguration;
			buildSettings = {
				COMBINE_HIDPI_IMAGES = YES;
				GCC_GENERATE_DEBUGGING_SYMBOLS = YES;
				GCC_INLINES_ARE_PRIVATE_EXTERN = NO;
				GCC_OPTIMIZATION_LEVEL = 0;
				GCC_PREPROCESSOR_DEFINITIONS = ("'CMAKE_INTDIR=\"$(CONFIGURATION)$(EFFECTIVE_PLATFORM_NAME)\"'","$(inherited)");
				GCC_SYMBOLS_PRIVATE_EXTERN = NO;
				INSTALL_PATH = "";
				OTHER_LDFLAGS = ("","$(inherited)");
				OTHER_REZFLAGS = "";
				PRODUCT_NAME = ZERO_CHECK;
				SECTORDER_FLAGS = "";
				SYMROOT = "/Users/wangxinran/StudioProjects/rtc-rnnoise/ios/build_ios";
				USE_HEADERMAP = NO;
				WARNING_CFLAGS = ("$(inherited)");
			};
			name = MinSizeRel;
		};
		75AE416C21734E15B9CC552C /* MinSizeRel */ = {
			isa = XCBuildConfiguration;
			buildSettings = {
				COMBINE_HIDPI_IMAGES = YES;
				GCC_GENERATE_DEBUGGING_SYMBOLS = YES;
				GCC_INLINES_ARE_PRIVATE_EXTERN = NO;
				GCC_OPTIMIZATION_LEVEL = 0;
				GCC_PREPROCESSOR_DEFINITIONS = ("'CMAKE_INTDIR=\"$(CONFIGURATION)$(EFFECTIVE_PLATFORM_NAME)\"'","$(inherited)");
				GCC_SYMBOLS_PRIVATE_EXTERN = NO;
				INSTALL_PATH = "";
				OTHER_LDFLAGS = ("","$(inherited)");
				OTHER_REZFLAGS = "";
				PRODUCT_NAME = ALL_BUILD;
				SECTORDER_FLAGS = "";
				SYMROOT = "/Users/wangxinran/StudioProjects/rtc-rnnoise/ios/build_ios";
				USE_HEADERMAP = NO;
				WARNING_CFLAGS = ("$(inherited)");
			};
			name = MinSizeRel;
		};
		874E790B6FFC4991B504A1B9 /* Release */ = {
			isa = XCBuildConfiguration;
			buildSettings = {
				ARCHS = arm64;
				SDKROOT = iphoneos;
				SYMROOT = "/Users/wangxinran/StudioProjects/rtc-rnnoise/ios/build_ios/build";
			};
			name = Release;
		};
		89C6BD5563A2434F99FB37D6 /* Debug */ = {
			isa = XCBuildConfiguration;
			buildSettings = {
				ARCHS = arm64;
				COMBINE_HIDPI_IMAGES = YES;
				EXECUTABLE_PREFIX = lib;
				EXECUTABLE_SUFFIX = .a;
				GCC_GENERATE_DEBUGGING_SYMBOLS = YES;
				GCC_INLINES_ARE_PRIVATE_EXTERN = NO;
				GCC_OPTIMIZATION_LEVEL = 0;
				GCC_PREPROCESSOR_DEFINITIONS = ("'CMAKE_INTDIR=\"$(CONFIGURATION)$(EFFECTIVE_PLATFORM_NAME)\"'",HAVE_CONFIG_H,"'EXPORT='",FLOATING_POINT,"'RANDOM_PREFIX=rtc_rnnoise_'",RNNOISE_BUILD,"$(inherited)");
				GCC_SYMBOLS_PRIVATE_EXTERN = NO;
				HEADER_SEARCH_PATHS = ("/Users/wangxinran/StudioProjects/rtc-rnnoise/android/src/main/cpp/../../../../src/cpp","/Users/wangxinran/StudioProjects/rtc-rnnoise/android/src/main/cpp/../../../../src/cpp/third_party/rnnoise/include","/Users/wangxinran/StudioProjects/rtc-rnnoise/android/src/main/cpp/../../../../src/cpp/third_party/rnnoise/src","/Users/wangxinran/StudioProjects/rtc-rnnoise/android/src/main/cpp/../../../../src/cpp/third_party/speexdsp/include","/Users/wangxinran/StudioProjects/rtc-rnnoise/android/src/main/cpp/../../../../src/cpp/third_party/speexdsp/include/speex","/Users/wangxinran/StudioProjects/rtc-rnnoise/android/src/main/cpp/../../../../src/cpp/third_party/speexdsp/libspeexdsp","/Users/wangxinran/StudioProjects/rtc-rnnoise/android/src/main/cpp/../../../../src/cpp/third_party/speexdsp","$(inherited)");
				INSTALL_PATH = "";
				LIBRARY_STYLE = STATIC;
				ONLY_ACTIVE_ARCH = NO;
				OTHER_CFLAGS = ("   ","$(inherited)");
				OTHER_CPLUSPLUSFLAGS = "   '-std=gnu++14' ";
				OTHER_LIBTOOLFLAGS = ("");
				OTHER_REZFLAGS = "";
				PRODUCT_NAME = rtc_rnnoise;
				SECTORDER_FLAGS = "";
				SYMROOT = "/Users/wangxinran/StudioProjects/rtc-rnnoise/ios/build_ios";
				USE_HEADERMAP = NO;
				WARNING_CFLAGS = ("$(inherited)");
			};
			name = Debug;
		};
		BFA1D9DC8476451D8C3D79F6 /* RelWithDebInfo */ = {
			isa = XCBuildConfiguration;
			buildSettings = {
				ARCHS = arm64;
				COMBINE_HIDPI_IMAGES = YES;
				EXECUTABLE_PREFIX = lib;
				EXECUTABLE_SUFFIX = .a;
				GCC_GENERATE_DEBUGGING_SYMBOLS = YES;
				GCC_INLINES_ARE_PRIVATE_EXTERN = NO;
				GCC_OPTIMIZATION_LEVEL = 2;
				GCC_PREPROCESSOR_DEFINITIONS = ("'CMAKE_INTDIR=\"$(CONFIGURATION)$(EFFECTIVE_PLATFORM_NAME)\"'",HAVE_CONFIG_H,"'EXPORT='",FLOATING_POINT,"'RANDOM_PREFIX=rtc_rnnoise_'",RNNOISE_BUILD,"$(inherited)");
				GCC_SYMBOLS_PRIVATE_EXTERN = NO;
				HEADER_SEARCH_PATHS = ("/Users/wangxinran/StudioProjects/rtc-rnnoise/android/src/main/cpp/../../../../src/cpp","/Users/wangxinran/StudioProjects/rtc-rnnoise/android/src/main/cpp/../../../../src/cpp/third_party/rnnoise/include","/Users/wangxinran/StudioProjects/rtc-rnnoise/android/src/main/cpp/../../../../src/cpp/third_party/rnnoise/src","/Users/wangxinran/StudioProjects/rtc-rnnoise/android/src/main/cpp/../../../../src/cpp/third_party/speexdsp/include","/Users/wangxinran/StudioProjects/rtc-rnnoise/android/src/main/cpp/../../../../src/cpp/third_party/speexdsp/include/speex","/Users/wangxinran/StudioProjects/rtc-rnnoise/android/src/main/cpp/../../../../src/cpp/third_party/speexdsp/libspeexdsp","/Users/wangxinran/StudioProjects/rtc-rnnoise/android/src/main/cpp/../../../../src/cpp/third_party/speexdsp","$(inherited)");
				INSTALL_PATH = "";
				LIBRARY_STYLE = STATIC;
				ONLY_ACTIVE_ARCH = NO;
				OTHER_CFLAGS = ("       -DNDEBUG ","$(inherited)");
				OTHER_CPLUSPLUSFLAGS = "       -DNDEBUG '-std=gnu++14' ";
				OTHER_LIBTOOLFLAGS = ("");
				OTHER_REZFLAGS = "";
				PRODUCT_NAME = rtc_rnnoise;
				SECTORDER_FLAGS = "";
				SYMROOT = "/Users/wangxinran/StudioProjects/rtc-rnnoise/ios/build_ios";
				USE_HEADERMAP = NO;
				WARNING_CFLAGS = ("$(inherited)");
			};
			name = RelWithDebInfo;
		};
		CA314B7689F241EFB3CC5EBA /* Release */ = {
			isa = XCBuildConfiguration;
			buildSettings = {
				COMBINE_HIDPI_IMAGES = YES;
				GCC_GENERATE_DEBUGGING_SYMBOLS = YES;
				GCC_INLINES_ARE_PRIVATE_EXTERN = NO;
				GCC_OPTIMIZATION_LEVEL = 0;
				GCC_PREPROCESSOR_DEFINITIONS = ("'CMAKE_INTDIR=\"$(CONFIGURATION)$(EFFECTIVE_PLATFORM_NAME)\"'","$(inherited)");
				GCC_SYMBOLS_PRIVATE_EXTERN = NO;
				INSTALL_PATH = "";
				OTHER_LDFLAGS = ("","$(inherited)");
				OTHER_REZFLAGS = "";
				PRODUCT_NAME = ZERO_CHECK;
				SECTORDER_FLAGS = "";
				SYMROOT = "/Users/wangxinran/StudioProjects/rtc-rnnoise/ios/build_ios";
				USE_HEADERMAP = NO;
				WARNING_CFLAGS = ("$(inherited)");
			};
			name = Release;
		};
		CAB990AF9E6B4F2D990DA670 /* Debug */ = {
			isa = XCBuildConfiguration;
			buildSettings = {
				ARCHS = arm64;
				SDKROOT = iphoneos;
				SYMROOT = "/Users/wangxinran/StudioProjects/rtc-rnnoise/ios/build_ios/build";
			};
			name = Debug;
		};
		E0FEA7423C1B4465940F1204 /* RelWithDebInfo */ = {
			isa = XCBuildConfiguration;
			buildSettings = {
				COMBINE_HIDPI_IMAGES = YES;
				GCC_GENERATE_DEBUGGING_SYMBOLS = YES;
				GCC_INLINES_ARE_PRIVATE_EXTERN = NO;
				GCC_OPTIMIZATION_LEVEL = 0;
				GCC_PREPROCESSOR_DEFINITIONS = ("'CMAKE_INTDIR=\"$(CONFIGURATION)$(EFFECTIVE_PLATFORM_NAME)\"'","$(inherited)");
				GCC_SYMBOLS_PRIVATE_EXTERN = NO;
				INSTALL_PATH = "";
				OTHER_LDFLAGS = ("","$(inherited)");
				OTHER_REZFLAGS = "";
				PRODUCT_NAME = ALL_BUILD;
				SECTORDER_FLAGS = "";
				SYMROOT = "/Users/wangxinran/StudioProjects/rtc-rnnoise/ios/build_ios";
				USE_HEADERMAP = NO;
				WARNING_CFLAGS = ("$(inherited)");
			};
			name = RelWithDebInfo;
		};
		F66F07C20F944265B8DCB398 /* Release */ = {
			isa = XCBuildConfiguration;
			buildSettings = {
				COMBINE_HIDPI_IMAGES = YES;
				GCC_GENERATE_DEBUGGING_SYMBOLS = YES;
				GCC_INLINES_ARE_PRIVATE_EXTERN = NO;
				GCC_OPTIMIZATION_LEVEL = 0;
				GCC_PREPROCESSOR_DEFINITIONS = ("'CMAKE_INTDIR=\"$(CONFIGURATION)$(EFFECTIVE_PLATFORM_NAME)\"'","$(inherited)");
				GCC_SYMBOLS_PRIVATE_EXTERN = NO;
				INSTALL_PATH = "";
				OTHER_LDFLAGS = ("","$(inherited)");
				OTHER_REZFLAGS = "";
				PRODUCT_NAME = ALL_BUILD;
				SECTORDER_FLAGS = "";
				SYMROOT = "/Users/wangxinran/StudioProjects/rtc-rnnoise/ios/build_ios";
				USE_HEADERMAP = NO;
				WARNING_CFLAGS = ("$(inherited)");
			};
			name = Release;
		};
/* End XCBuildConfiguration section */

/* Begin XCConfigurationList section */
		428CC32A5C364F639557185B /* Build configuration list for PBXAggregateTarget "ZERO_CHECK" */ = {
			isa = XCConfigurationList;
			buildConfigurations = (
				22C0D5F9EE8C4788BFB48B6F /* Debug */,
				CA314B7689F241EFB3CC5EBA /* Release */,
				6DE4B976F66F42409FB0E6C9 /* MinSizeRel */,
				39000D1E662649AD9BAEBBD5 /* RelWithDebInfo */,
			);
			defaultConfigurationIsVisible = 0;
			defaultConfigurationName = Debug;
		};
		81AE41774A9B401DA2E30078 /* Build configuration list for PBXNativeTarget "rtc_rnnoise" */ = {
			isa = XCConfigurationList;
			buildConfigurations = (
				89C6BD5563A2434F99FB37D6 /* Debug */,
				0A84A51F947C410B82DAA8CB /* Release */,
				0DCFAAEE964D4F2BA2857248 /* MinSizeRel */,
				BFA1D9DC8476451D8C3D79F6 /* RelWithDebInfo */,
			);
			defaultConfigurationIsVisible = 0;
			defaultConfigurationName = Debug;
		};
		D05AB88D8D48448FBF2C58C8 /* Build configuration list for PBXAggregateTarget "ALL_BUILD" */ = {
			isa = XCConfigurationList;
			buildConfigurations = (
				650AEED76AA14ECEA48DC6D3 /* Debug */,
				F66F07C20F944265B8DCB398 /* Release */,
				75AE416C21734E15B9CC552C /* MinSizeRel */,
				E0FEA7423C1B4465940F1204 /* RelWithDebInfo */,
			);
			defaultConfigurationIsVisible = 0;
			defaultConfigurationName = Debug;
		};
		F6946EC6F22E49C3B14B47AA /* Build configuration list for PBXProject "rtc_rnnoise" */ = {
			isa = XCConfigurationList;
			buildConfigurations = (
				CAB990AF9E6B4F2D990DA670 /* Debug */,
				874E790B6FFC4991B504A1B9 /* Release */,
				398D4638740F4ACAB3F4FA13 /* MinSizeRel */,
				3C7A283E78CA45AC99D93DF8 /* RelWithDebInfo */,
			);
			defaultConfigurationIsVisible = 0;
			defaultConfigurationName = Debug;
		};
/* End XCConfigurationList section */
	};
	rootObject = 10A4E9270FA542338E8D5EF4 /* Project object */;
}
